<?xml version="1.0" encoding="utf-8"?>
<Project ToolsVersion="4.0" xmlns="http://schemas.microsoft.com/developer/msbuild/2003">
  <!-- Definizione dei filtri -->
  <ItemGroup>
    <Filter Include="Source Files">
      <UniqueIdentifier>{D2E4F220-03A6-4B12-A1B7-6C8A5E5D2B2D}</UniqueIdentifier>
      <Extensions>cpp;c;cc;cxx</Extensions>
    </Filter>
    <Filter Include="Header Files">
      <UniqueIdentifier>{44F9DA6F-6B5F-4A3F-A5B1-33481C1EDBF1}</UniqueIdentifier>
      <Extensions>h;hpp;hxx</Extensions>
    </Filter>
    <Filter Include="Data">
      <UniqueIdentifier>{E848AF0C-6A31-4FD3-8573-ABF19E88C965}</UniqueIdentifier>
      <Extensions>pcd;ply;dat</Extensions>
    </Filter>
    <Filter Include="Resources">
      <UniqueIdentifier>{B5A88678-12C4-42D3-AE02-EBD0D4EFBF10}</UniqueIdentifier>
      <Extensions>json;props</Extensions>
    </Filter>
  </ItemGroup>
  <!-- File principale -->
  <ItemGroup>
    <ClCompile Include="Main.cpp" />
  </ItemGroup>
  <!-- Associazione file sorgente -->
  <ItemGroup>
    <ClCompile Include="src\AuthenticationLegacy.cpp">
      <Filter>Source Files</Filter>
    </ClCompile>
    <ClCompile Include="src\AuthenticationSecure.cpp">
      <Filter>Source Files</Filter>
    </ClCompile>
    <ClCompile Include="src\BlobServerConfig.cpp">
      <Filter>Source Files</Filter>
    </ClCompile>
    <ClCompile Include="src\CoLa2ProtocolHandler.cpp">
      <Filter>Source Files</Filter>
    </ClCompile>
    <ClCompile Include="src\CoLaBProtocolHandler.cpp">
      <Filter>Source Files</Filter>
    </ClCompile>
    <ClCompile Include="src\CoLaCommand.cpp">
      <Filter>Source Files</Filter>
    </ClCompile>
    <ClCompile Include="src\CoLaError.cpp">
      <Filter>Source Files</Filter>
    </ClCompile>
    <ClCompile Include="src\CoLaParameterReader.cpp">
      <Filter>Source Files</Filter>
    </ClCompile>
    <ClCompile Include="src\CoLaParameterWriter.cpp">
      <Filter>Source Files</Filter>
    </ClCompile>
    <ClCompile Include="src\Config.cpp">
      <Filter>Source Files</Filter>
    </ClCompile>
    <ClCompile Include="src\ControlSession.cpp">
      <Filter>Source Files</Filter>
    </ClCompile>
    <ClCompile Include="src\FrameGrabberBase.cpp">
      <Filter>Source Files</Filter>
    </ClCompile>
    <ClCompile Include="src\framewrite.cpp">
      <Filter>Source Files</Filter>
    </ClCompile>
    <ClCompile Include="src\hough.cpp">
      <Filter>Source Files</Filter>
    </ClCompile>
    <ClCompile Include="src\HoughAlgorithm.cpp">
      <Filter>Source Files</Filter>
    </ClCompile>
    <ClCompile Include="src\Matching3D.cpp">
      <Filter>Source Files</Filter>
    </ClCompile>
    <ClCompile Include="src\NetLink.cpp">
      <Filter>Source Files</Filter>
    </ClCompile>
    <ClCompile Include="src\pamwrite.cpp">
      <Filter>Source Files</Filter>
    </ClCompile>
    <ClCompile Include="src\pngwrite.cpp">
      <Filter>Source Files</Filter>
    </ClCompile>
    <ClCompile Include="src\pointcloud.cpp">
      <Filter>Source Files</Filter>
    </ClCompile>
    <ClCompile Include="src\PointCloudPlyWriter.cpp">
      <Filter>Source Files</Filter>
    </ClCompile>
    <ClCompile Include="src\PointCloudProcessor.cpp">
      <Filter>Source Files</Filter>
    </ClCompile>
    <ClCompile Include="src\sphere.cpp">
      <Filter>Source Files</Filter>
    </ClCompile>
    <ClCompile Include="src\spng.c">
      <Filter>Source Files</Filter>
    </ClCompile>
    <ClCompile Include="src\TcpSocket.cpp">
      <Filter>Source Files</Filter>
    </ClCompile>
    <ClCompile Include="src\UdpParsing.cpp">
      <Filter>Source Files</Filter>
    </ClCompile>
    <ClCompile Include="src\UdpSocket.cpp">
      <Filter>Source Files</Filter>
    </ClCompile>
    <ClCompile Include="src\vector3d.cpp">
      <Filter>Source Files</Filter>
    </ClCompile>
    <ClCompile Include="src\VisionaryAutoIP.cpp">
      <Filter>Source Files</Filter>
    </ClCompile>
    <ClCompile Include="src\VisionaryControl.cpp">
      <Filter>Source Files</Filter>
    </ClCompile>
    <ClCompile Include="src\VisionaryData.cpp">
      <Filter>Source Files</Filter>
    </ClCompile>
    <ClCompile Include="src\VisionaryDataStream.cpp">
      <Filter>Source Files</Filter>
    </ClCompile>
    <ClCompile Include="src\VisionarySData.cpp">
      <Filter>Source Files</Filter>
    </ClCompile>
    <ClCompile Include="src\VisionaryTMiniData.cpp">
      <Filter>Source Files</Filter>
    </ClCompile>
    <ClCompile Include="src\VisionaryType.cpp">
      <Filter>Source Files</Filter>
    </ClCompile>
  </ItemGroup>
  <!-- Associazione file header -->
  <ItemGroup>
    <ClInclude Include="include\config.h">
      <Filter>Header Files</Filter>
    </ClInclude>
    <ClInclude Include="include\hough.h">
      <Filter>Header Files</Filter>
    </ClInclude>
    <ClInclude Include="include\HoughAlgorithm.h">
      <Filter>Header Files</Filter>
    </ClInclude>
    <ClInclude Include="include\Matching3D.h">
      <Filter>Header Files</Filter>
    </ClInclude>
    <ClInclude Include="include\Matrix.h">
      <Filter>Header Files</Filter>
    </ClInclude>
    <ClInclude Include="include\pointcloud.h">
      <Filter>Header Files</Filter>
    </ClInclude>
    <ClInclude Include="include\PointCloudProcessor.h">
      <Filter>Header Files</Filter>
    </ClInclude>
    <ClInclude Include="include\sphere.h">
      <Filter>Header Files</Filter>
    </ClInclude>
    <ClInclude Include="include\vector3d.h">
      <Filter>Header Files</Filter>
    </ClInclude>
  </ItemGroup>
  <ItemGroup>
    <None Include="data\BordoLegatrice.pcd">
      <Filter>Data</Filter>
    </None>
    <None Include="data\BordoLegatriceRandom.pcd">
      <Filter>Data</Filter>
    </None>
    <None Include="data\Gabbiatrice.dat">
      <Filter>Data</Filter>
    </None>
    <None Include="data\Gabbiatrice.pcd">
      <Filter>Data</Filter>
    </None>
    <None Include="resources\MyLibs.props">
      <Filter>Resources</Filter>
    </None>
    <None Include="resources\config.json">
      <Filter>Resources</Filter>
    </None>
  </ItemGroup>
  <!-- File di dati (aggiungi qui i tuoi file .pcd, .json, etc.) -->
  <!-- File di risorse/build (aggiungi qui i tuoi file .props, readme, etc.) -->
</Project>